
Microsoft Visual Studio Solution File, Format Version 12.00
# Visual Studio Version 16
VisualStudioVersion = 16.0.29911.84
MinimumVisualStudioVersion = 10.0.40219.1
Project("{FAE04EC0-301F-11D3-BF4B-00C04F79EFBC}") = "ShopOnline.Web", "ShopOnline.Web\ShopOnline.Web.csproj", "{92CCC1FC-C64E-45EB-9DCE-373167265022}"
EndProject
Project("{FAE04EC0-301F-11D3-BF4B-00C04F79EFBC}") = "ShopOnline.Data", "ShopOnline.Data\ShopOnline.Data.csproj", "{7A99274A-B610-4FAA-AD7C-FDBD9FA330F7}"
EndProject
Global
	GlobalSection(SolutionConfigurationPlatforms) = preSolution
		Debug|Any CPU = Debug|Any CPU
		Release|Any CPU = Release|Any CPU
	EndGlobalSection
	GlobalSection(ProjectConfigurationPlatforms) = postSolution
		{92CCC1FC-C64E-45EB-9DCE-373167265022}.Debug|Any CPU.ActiveCfg = Debug|Any CPU
		{92CCC1FC-C64E-45EB-9DCE-373167265022}.Debug|Any CPU.Build.0 = Debug|Any CPU
		{92CCC1FC-C64E-45EB-9DCE-373167265022}.Release|Any CPU.ActiveCfg = Release|Any CPU
		{92CCC1FC-C64E-45EB-9DCE-373167265022}.Release|Any CPU.Build.0 = Release|Any CPU
		{7A99274A-B610-4FAA-AD7C-FDBD9FA330F7}.Debug|Any CPU.ActiveCfg = Debug|Any CPU
		{7A99274A-B610-4FAA-AD7C-FDBD9FA330F7}.Debug|Any CPU.Build.0 = Debug|Any CPU
		{7A99274A-B610-4FAA-AD7C-FDBD9FA330F7}.Release|Any CPU.ActiveCfg = Release|Any CPU
		{7A99274A-B610-4FAA-AD7C-FDBD9FA330F7}.Release|Any CPU.Build.0 = Release|Any CPU
	EndGlobalSection
	GlobalSection(SolutionProperties) = preSolution
		HideSolutionNode = FALSE
	EndGlobalSection
	GlobalSection(ExtensibilityGlobals) = postSolution
		SolutionGuid = {09D6732D-0FD1-4CA0-B6AC-389354F0E5B0}
	EndGlobalSection
EndGlobal
